// !$*UTF8*$!
{
	archiveVersion = 1;
	classes = {
	};
	objectVersion = 46;
	objects = {

/* Begin PBXBuildFile section */
		A75797EB13E1AD15008670B0 /* UIKit.framework in Frameworks */ = {isa = PBXBuildFile; fileRef = A75797EA13E1AD15008670B0 /* UIKit.framework */; };
		A75797ED13E1AD15008670B0 /* Foundation.framework in Frameworks */ = {isa = PBXBuildFile; fileRef = A75797EC13E1AD15008670B0 /* Foundation.framework */; };
		A75797EF13E1AD15008670B0 /* CoreGraphics.framework in Frameworks */ = {isa = PBXBuildFile; fileRef = A75797EE13E1AD15008670B0 /* CoreGraphics.framework */; };
		A75797F513E1AD15008670B0 /* InfoPlist.strings in Resources */ = {isa = PBXBuildFile; fileRef = A75797F313E1AD15008670B0 /* InfoPlist.strings */; };
		A75797F713E1AD15008670B0 /* main.m in Sources */ = {isa = PBXBuildFile; fileRef = A75797F613E1AD15008670B0 /* main.m */; };
		A75797FB13E1AD15008670B0 /* SampleApplicationAppDelegate.m in Sources */ = {isa = PBXBuildFile; fileRef = A75797FA13E1AD15008670B0 /* SampleApplicationAppDelegate.m */; };
/* End PBXBuildFile section */

/* Begin PBXFileReference section */
		A75797E613E1AD15008670B0 /* SampleApplication.app */ = {isa = PBXFileReference; explicitFileType = wrapper.application; includeInIndex = 0; path = SampleApplication.app; sourceTree = BUILT_PRODUCTS_DIR; };
		A75797EA13E1AD15008670B0 /* UIKit.framework */ = {isa = PBXFileReference; lastKnownFileType = wrapper.framework; name = UIKit.framework; path = System/Library/Frameworks/UIKit.framework; sourceTree = SDKROOT; };
		A75797EC13E1AD15008670B0 /* Foundation.framework */ = {isa = PBXFileReference; lastKnownFileType = wrapper.framework; name = Foundation.framework; path = System/Library/Frameworks/Foundation.framework; sourceTree = SDKROOT; };
		A75797EE13E1AD15008670B0 /* CoreGraphics.framework */ = {isa = PBXFileReference; lastKnownFileType = wrapper.framework; name = CoreGraphics.framework; path = System/Library/Frameworks/CoreGraphics.framework; sourceTree = SDKROOT; };
		A75797F213E1AD15008670B0 /* SampleApplication-Info.plist */ = {isa = PBXFileReference; lastKnownFileType = text.plist.xml; path = "SampleApplication-Info.plist"; sourceTree = "<group>"; };
		A75797F413E1AD15008670B0 /* en */ = {isa = PBXFileReference; lastKnownFileType = text.plist.strings; name = en; path = en.lproj/InfoPlist.strings; sourceTree = "<group>"; };
		A75797F613E1AD15008670B0 /* main.m */ = {isa = PBXFileReference; lastKnownFileType = sourcecode.c.objc; path = main.m; sourceTree = "<group>"; };
		A75797F813E1AD15008670B0 /* SampleApplication-Prefix.pch */ = {isa = PBXFileReference; lastKnownFileType = sourcecode.c.h; path = "SampleApplication-Prefix.pch"; sourceTree = "<group>"; };
		A75797F913E1AD15008670B0 /* SampleApplicationAppDelegate.h */ = {isa = PBXFileReference; lastKnownFileType = sourcecode.c.h; path = SampleApplicationAppDelegate.h; sourceTree = "<group>"; };
		A75797FA13E1AD15008670B0 /* SampleApplicationAppDelegate.m */ = {isa = PBXFileReference; lastKnownFileType = sourcecode.c.objc; path = SampleApplicationAppDelegate.m; sourceTree = "<group>"; };
/* End PBXFileReference section */

/* Begin PBXFrameworksBuildPhase section */
		A75797E313E1AD15008670B0 /* Frameworks */ = {
			isa = PBXFrameworksBuildPhase;
			buildActionMask = 2147483647;
			files = (
				A75797EB13E1AD15008670B0 /* UIKit.framework in Frameworks */,
				A75797ED13E1AD15008670B0 /* Foundation.framework in Frameworks */,
				A75797EF13E1AD15008670B0 /* CoreGraphics.framework in Frameworks */,
			);
			runOnlyForDeploymentPostprocessing = 0;
		};
/* End PBXFrameworksBuildPhase section */

/* Begin PBXGroup section */
		A75797DB13E1AD14008670B0 = {
			isa = PBXGroup;
			children = (
				A75797F013E1AD15008670B0 /* SampleApplication */,
				A75797E913E1AD15008670B0 /* Frameworks */,
				A75797E713E1AD15008670B0 /* Products */,
			);
			sourceTree = "<group>";
		};
		A75797E713E1AD15008670B0 /* Products */ = {
			isa = PBXGroup;
			children = (
				A75797E613E1AD15008670B0 /* SampleApplication.app */,
			);
			name = Products;
			sourceTree = "<group>";
		};
		A75797E913E1AD15008670B0 /* Frameworks */ = {
			isa = PBXGroup;
			children = (
				A75797EA13E1AD15008670B0 /* UIKit.framework */,
				A75797EC13E1AD15008670B0 /* Foundation.framework */,
				A75797EE13E1AD15008670B0 /* CoreGraphics.framework */,
			);
			name = Frameworks;
			sourceTree = "<group>";
		};
		A75797F013E1AD15008670B0 /* SampleApplication */ = {
			isa = PBXGroup;
			children = (
				A75797F913E1AD15008670B0 /* SampleApplicationAppDelegate.h */,
				A75797FA13E1AD15008670B0 /* SampleApplicationAppDelegate.m */,
				A75797F113E1AD15008670B0 /* Supporting Files */,
			);
			path = SampleApplication;
			sourceTree = "<group>";
		};
		A75797F113E1AD15008670B0 /* Supporting Files */ = {
			isa = PBXGroup;
			children = (
				A75797F213E1AD15008670B0 /* SampleApplication-Info.plist */,
				A75797F313E1AD15008670B0 /* InfoPlist.strings */,
				A75797F613E1AD15008670B0 /* main.m */,
				A75797F813E1AD15008670B0 /* SampleApplication-Prefix.pch */,
			);
			name = "Supporting Files";
			sourceTree = "<group>";
		};
/* End PBXGroup section */

/* Begin PBXNativeTarget section */
		A75797E513E1AD15008670B0 /* SampleApplication */ = {
			isa = PBXNativeTarget;
			buildConfigurationList = A75797FE13E1AD15008670B0 /* Build configuration list for PBXNativeTarget "SampleApplication" */;
			buildPhases = (
				A75797E213E1AD15008670B0 /* Sources */,
				A75797E313E1AD15008670B0 /* Frameworks */,
				A75797E413E1AD15008670B0 /* Resources */,
			);
			buildRules = (
			);
			dependencies = (
			);
			name = SampleApplication;
			productName = SampleApplication;
			productReference = A75797E613E1AD15008670B0 /* SampleApplication.app */;
			productType = "com.apple.product-type.application";
		};
/* End PBXNativeTarget section */

/* Begin PBXProject section */
		A75797DD13E1AD14008670B0 /* Project object */ = {
			isa = PBXProject;
			attributes = {
				LastUpgradeCheck = 0420;
				ORGANIZATIONNAME = Home;
			};
			buildConfigurationList = A75797E013E1AD14008670B0 /* Build configuration list for PBXProject "SampleApplication" */;
			compatibilityVersion = "Xcode 3.2";
			developmentRegion = English;
			hasScannedForEncodings = 0;
			knownRegions = (
				en,
			);
			mainGroup = A75797DB13E1AD14008670B0;
			productRefGroup = A75797E713E1AD15008670B0 /* Products */;
			projectDirPath = "";
			projectRoot = "";
			targets = (
				A75797E513E1AD15008670B0 /* SampleApplication */,
			);
		};
/* End PBXProject section */

/* Begin PBXResourcesBuildPhase section */
		A75797E413E1AD15008670B0 /* Resources */ = {
			isa = PBXResourcesBuildPhase;
			buildActionMask = 2147483647;
			files = (
				A75797F513E1AD15008670B0 /* InfoPlist.strings in Resources */,
			);
			runOnlyForDeploymentPostprocessing = 0;
		};
/* End PBXResourcesBuildPhase section */

/* Begin PBXSourcesBuildPhase section */
		A75797E213E1AD15008670B0 /* Sources */ = {
			isa = PBXSourcesBuildPhase;
			buildActionMask = 2147483647;
			files = (
				A75797F713E1AD15008670B0 /* main.m in Sources */,
				A75797FB13E1AD15008670B0 /* SampleApplicationAppDelegate.m in Sources */,
			);
			runOnlyForDeploymentPostprocessing = 0;
		};
/* End PBXSourcesBuildPhase section */

/* Begin PBXVariantGroup section */
		A75797F313E1AD15008670B0 /* InfoPlist.strings */ = {
			isa = PBXVariantGroup;
			children = (
				A75797F413E1AD15008670B0 /* en */,
			);
			name = InfoPlist.strings;
			sourceTree = "<group>";
		};
/* End PBXVariantGroup section */

/* Begin XCBuildConfiguration section */
		A75797FC13E1AD15008670B0 /* Debug */ = {
			isa = XCBuildConfiguration;
			buildSettings = {
				ALWAYS_SEARCH_USER_PATHS = NO;
				ARCHS = "$(ARCHS_STANDARD_32_BIT)";
				CLANG_ENABLE_OBJC_ARC = YES;
				"CODE_SIGN_IDENTITY[sdk=iphoneos*]" = "iPhone Developer";
				COPY_PHASE_STRIP = NO;
				GCC_C_LANGUAGE_STANDARD = gnu99;
				GCC_DYNAMIC_NO_PIC = NO;
				GCC_OPTIMIZATION_LEVEL = 0;
				GCC_PREPROCESSOR_DEFINITIONS = (
					"DEBUG=1",
					"$(inherited)",
				);
				GCC_SYMBOLS_PRIVATE_EXTERN = NO;
				GCC_VERSION = com.apple.compilers.llvm.clang.1_0;
				GCC_WARN_ABOUT_MISSING_PROTOTYPES = YES;
				GCC_WARN_ABOUT_RETURN_TYPE = YES;
				GCC_WARN_UNUSED_VARIABLE = YES;
				IPHONEOS_DEPLOYMENT_TARGET = 5.0;
				SDKROOT = iphoneos;
				TARGETED_DEVICE_FAMILY = 2;
			};
			name = Debug;
		};
		A75797FD13E1AD15008670B0 /* Release */ = {
			isa = XCBuildConfiguration;
			buildSettings = {
				ALWAYS_SEARCH_USER_PATHS = NO;
				ARCHS = "$(ARCHS_STANDARD_32_BIT)";
				CLANG_ENABLE_OBJC_ARC = YES;
				"CODE_SIGN_IDENTITY[sdk=iphoneos*]" = "iPhone Developer";
				COPY_PHASE_STRIP = YES;
				GCC_C_LANGUAGE_STANDARD = gnu99;
				GCC_VERSION = com.apple.compilers.llvm.clang.1_0;
				GCC_WARN_ABOUT_MISSING_PROTOTYPES = YES;
				GCC_WARN_ABOUT_RETURN_TYPE = YES;
				GCC_WARN_UNUSED_VARIABLE = YES;
				IPHONEOS_DEPLOYMENT_TARGET = 5.0;
				OTHER_CFLAGS = "-DNS_BLOCK_ASSERTIONS=1";
				SDKROOT = iphoneos;
				TARGETED_DEVICE_FAMILY = 2;
				VALIDATE_PRODUCT = YES;
			};
			name = Release;
		};
		A75797FF13E1AD15008670B0 /* Debug */ = {
			isa = XCBuildConfiguration;
			buildSettings = {
				GCC_PRECOMPILE_PREFIX_HEADER = YES;
				GCC_PREFIX_HEADER = "SampleApplication/SampleApplication-Prefix.pch";
				INFOPLIST_FILE = "SampleApplication/SampleApplication-Info.plist";
				PRODUCT_NAME = "$(TARGET_NAME)";
				WRAPPER_EXTENSION = app;
			};
			name = Debug;
		};
		A757980013E1AD15008670B0 /* Release */ = {
			isa = XCBuildConfiguration;
			buildSettings = {
				GCC_PRECOMPILE_PREFIX_HEADER = YES;
				GCC_PREFIX_HEADER = "SampleApplication/SampleApplication-Prefix.pch";
				INFOPLIST_FILE = "SampleApplication/SampleApplication-Info.plist";
				PRODUCT_NAME = "$(TARGET_NAME)";
				WRAPPER_EXTENSION = app;
			};
			name = Release;
		};
/* End XCBuildConfiguration section */

/* Begin XCConfigurationList section */
		A75797E013E1AD14008670B0 /* Build configuration list for PBXProject "SampleApplication" */ = {
			isa = XCConfigurationList;
			buildConfigurations = (
				A75797FC13E1AD15008670B0 /* Debug */,
				A75797FD13E1AD15008670B0 /* Release */,
			);
			defaultConfigurationIsVisible = 0;
			defaultConfigurationName = Release;
		};
		A75797FE13E1AD15008670B0 /* Build configuration list for PBXNativeTarget "SampleApplication" */ = {
			isa = XCConfigurationList;
			buildConfigurations = (
				A75797FF13E1AD15008670B0 /* Debug */,
				A757980013E1AD15008670B0 /* Release */,
			);
			defaultConfigurationIsVisible = 0;
		};
/* End XCConfigurationList section */
	};
	rootObject = A75797DD13E1AD14008670B0 /* Project object */;
}
