// !$*UTF8*$!
{
	archiveVersion = 1;
	classes = {
	};
	objectVersion = 46;
	objects = {

/* Begin PBXBuildFile section */
		A75797EB13E1AD15008670B0 /* UIKit.framework in Frameworks */ = {isa = PBXBuildFile; fileRef = A75797EA13E1AD15008670B0 /* UIKit.framework */; };
		A75797ED13E1AD15008670B0 /* Foundation.framework in Frameworks */ = {isa = PBXBuildFile; fileRef = A75797EC13E1AD15008670B0 /* Foundation.framework */; };
		A75797EF13E1AD15008670B0 /* CoreGraphics.framework in Frameworks */ = {isa = PBXBuildFile; fileRef = A75797EE13E1AD15008670B0 /* CoreGraphics.framework */; };
		A75797F513E1AD15008670B0 /* InfoPlist.strings in Resources */ = {isa = PBXBuildFile; fileRef = A75797F313E1AD15008670B0 /* InfoPlist.strings */; };
		A75797F713E1AD15008670B0 /* main.m in Sources */ = {isa = PBXBuildFile; fileRef = A75797F613E1AD15008670B0 /* main.m */; };
		A75797FB13E1AD15008670B0 /* SampleApplicationAppDelegate.m in Sources */ = {isa = PBXBuildFile; fileRef = A75797FA13E1AD15008670B0 /* SampleApplicationAppDelegate.m */; };
		A757981F13E1AEE3008670B0 /* LeftViewController.m in Sources */ = {isa = PBXBuildFile; fileRef = A757981E13E1AEE3008670B0 /* LeftViewController.m */; };
		A757982213E1AF1A008670B0 /* RightViewController.m in Sources */ = {isa = PBXBuildFile; fileRef = A757982113E1AF1A008670B0 /* RightViewController.m */; };
		A7B6549B13EA93E6009E4414 /* QuartzCore.framework in Frameworks */ = {isa = PBXBuildFile; fileRef = A7B6549A13EA93E6009E4414 /* QuartzCore.framework */; };
		A7B654A713EA9425009E4414 /* libANAdvancedNavigationController.a in Frameworks */ = {isa = PBXBuildFile; fileRef = A7B654A413EA9410009E4414 /* libANAdvancedNavigationController.a */; };
/* End PBXBuildFile section */

/* Begin PBXContainerItemProxy section */
		A7B654A313EA9410009E4414 /* PBXContainerItemProxy */ = {
			isa = PBXContainerItemProxy;
			containerPortal = A7B6549C13EA9410009E4414 /* ANAdvancedNavigationController.xcodeproj */;
			proxyType = 2;
			remoteGlobalIDString = A7C3773213EA8EF800B9943A;
			remoteInfo = ANAdvancedNavigationController;
		};
		A7B654A513EA941F009E4414 /* PBXContainerItemProxy */ = {
			isa = PBXContainerItemProxy;
			containerPortal = A7B6549C13EA9410009E4414 /* ANAdvancedNavigationController.xcodeproj */;
			proxyType = 1;
			remoteGlobalIDString = A7C3773113EA8EF800B9943A;
			remoteInfo = ANAdvancedNavigationController;
		};
/* End PBXContainerItemProxy section */

/* Begin PBXFileReference section */
		A75797E613E1AD15008670B0 /* SampleApplication.app */ = {isa = PBXFileReference; explicitFileType = wrapper.application; includeInIndex = 0; path = SampleApplication.app; sourceTree = BUILT_PRODUCTS_DIR; };
		A75797EA13E1AD15008670B0 /* UIKit.framework */ = {isa = PBXFileReference; lastKnownFileType = wrapper.framework; name = UIKit.framework; path = System/Library/Frameworks/UIKit.framework; sourceTree = SDKROOT; };
		A75797EC13E1AD15008670B0 /* Foundation.framework */ = {isa = PBXFileReference; lastKnownFileType = wrapper.framework; name = Foundation.framework; path = System/Library/Frameworks/Foundation.framework; sourceTree = SDKROOT; };
		A75797EE13E1AD15008670B0 /* CoreGraphics.framework */ = {isa = PBXFileReference; lastKnownFileType = wrapper.framework; name = CoreGraphics.framework; path = System/Library/Frameworks/CoreGraphics.framework; sourceTree = SDKROOT; };
		A75797F213E1AD15008670B0 /* SampleApplication-Info.plist */ = {isa = PBXFileReference; lastKnownFileType = text.plist.xml; path = "SampleApplication-Info.plist"; sourceTree = "<group>"; };
		A75797F413E1AD15008670B0 /* en */ = {isa = PBXFileReference; lastKnownFileType = text.plist.strings; name = en; path = en.lproj/InfoPlist.strings; sourceTree = "<group>"; };
		A75797F613E1AD15008670B0 /* main.m */ = {isa = PBXFileReference; lastKnownFileType = sourcecode.c.objc; path = main.m; sourceTree = "<group>"; };
		A75797F813E1AD15008670B0 /* SampleApplication-Prefix.pch */ = {isa = PBXFileReference; lastKnownFileType = sourcecode.c.h; path = "SampleApplication-Prefix.pch"; sourceTree = "<group>"; };
		A75797F913E1AD15008670B0 /* SampleApplicationAppDelegate.h */ = {isa = PBXFileReference; lastKnownFileType = sourcecode.c.h; path = SampleApplicationAppDelegate.h; sourceTree = "<group>"; };
		A75797FA13E1AD15008670B0 /* SampleApplicationAppDelegate.m */ = {isa = PBXFileReference; lastKnownFileType = sourcecode.c.objc; path = SampleApplicationAppDelegate.m; sourceTree = "<group>"; };
		A757981D13E1AEE3008670B0 /* LeftViewController.h */ = {isa = PBXFileReference; fileEncoding = 4; lastKnownFileType = sourcecode.c.h; path = LeftViewController.h; sourceTree = "<group>"; };
		A757981E13E1AEE3008670B0 /* LeftViewController.m */ = {isa = PBXFileReference; fileEncoding = 4; lastKnownFileType = sourcecode.c.objc; path = LeftViewController.m; sourceTree = "<group>"; };
		A757982013E1AF1A008670B0 /* RightViewController.h */ = {isa = PBXFileReference; fileEncoding = 4; lastKnownFileType = sourcecode.c.h; path = RightViewController.h; sourceTree = "<group>"; };
		A757982113E1AF1A008670B0 /* RightViewController.m */ = {isa = PBXFileReference; fileEncoding = 4; lastKnownFileType = sourcecode.c.objc; path = RightViewController.m; sourceTree = "<group>"; };
		A7B6549A13EA93E6009E4414 /* QuartzCore.framework */ = {isa = PBXFileReference; lastKnownFileType = wrapper.framework; name = QuartzCore.framework; path = System/Library/Frameworks/QuartzCore.framework; sourceTree = SDKROOT; };
		A7B6549C13EA9410009E4414 /* ANAdvancedNavigationController.xcodeproj */ = {isa = PBXFileReference; lastKnownFileType = "wrapper.pb-project"; path = ANAdvancedNavigationController.xcodeproj; sourceTree = SOURCE_ROOT; };
/* End PBXFileReference section */

/* Begin PBXFrameworksBuildPhase section */
		A75797E313E1AD15008670B0 /* Frameworks */ = {
			isa = PBXFrameworksBuildPhase;
			buildActionMask = 2147483647;
			files = (
				A7B654A713EA9425009E4414 /* libANAdvancedNavigationController.a in Frameworks */,
				A7B6549B13EA93E6009E4414 /* QuartzCore.framework in Frameworks */,
				A75797EB13E1AD15008670B0 /* UIKit.framework in Frameworks */,
				A75797ED13E1AD15008670B0 /* Foundation.framework in Frameworks */,
				A75797EF13E1AD15008670B0 /* CoreGraphics.framework in Frameworks */,
			);
			runOnlyForDeploymentPostprocessing = 0;
		};
/* End PBXFrameworksBuildPhase section */

/* Begin PBXGroup section */
		A75797DB13E1AD14008670B0 = {
			isa = PBXGroup;
			children = (
				A75797F013E1AD15008670B0 /* SampleApplication */,
				A75797E913E1AD15008670B0 /* Frameworks */,
				A75797E713E1AD15008670B0 /* Products */,
			);
			sourceTree = "<group>";
		};
		A75797E713E1AD15008670B0 /* Products */ = {
			isa = PBXGroup;
			children = (
				A75797E613E1AD15008670B0 /* SampleApplication.app */,
			);
			name = Products;
			sourceTree = "<group>";
		};
		A75797E913E1AD15008670B0 /* Frameworks */ = {
			isa = PBXGroup;
			children = (
				A7B6549A13EA93E6009E4414 /* QuartzCore.framework */,
				A75797EA13E1AD15008670B0 /* UIKit.framework */,
				A75797EC13E1AD15008670B0 /* Foundation.framework */,
				A75797EE13E1AD15008670B0 /* CoreGraphics.framework */,
			);
			name = Frameworks;
			sourceTree = "<group>";
		};
		A75797F013E1AD15008670B0 /* SampleApplication */ = {
			isa = PBXGroup;
			children = (
				A757981C13E1AEE3008670B0 /* ViewControllers */,
				A757980513E1ADCC008670B0 /* ANAdvancedNavigationController */,
				A75797F913E1AD15008670B0 /* SampleApplicationAppDelegate.h */,
				A75797FA13E1AD15008670B0 /* SampleApplicationAppDelegate.m */,
				A75797F113E1AD15008670B0 /* Supporting Files */,
			);
			path = SampleApplication;
			sourceTree = "<group>";
		};
		A75797F113E1AD15008670B0 /* Supporting Files */ = {
			isa = PBXGroup;
			children = (
				A75797F213E1AD15008670B0 /* SampleApplication-Info.plist */,
				A75797F313E1AD15008670B0 /* InfoPlist.strings */,
				A75797F613E1AD15008670B0 /* main.m */,
				A75797F813E1AD15008670B0 /* SampleApplication-Prefix.pch */,
			);
			name = "Supporting Files";
			sourceTree = "<group>";
		};
		A757980513E1ADCC008670B0 /* ANAdvancedNavigationController */ = {
			isa = PBXGroup;
			children = (
				A7B6549C13EA9410009E4414 /* ANAdvancedNavigationController.xcodeproj */,
			);
			name = ANAdvancedNavigationController;
			path = ../../ANAdvancedNavigationController;
			sourceTree = "<group>";
		};
		A757981C13E1AEE3008670B0 /* ViewControllers */ = {
			isa = PBXGroup;
			children = (
				A757981D13E1AEE3008670B0 /* LeftViewController.h */,
				A757981E13E1AEE3008670B0 /* LeftViewController.m */,
				A757982013E1AF1A008670B0 /* RightViewController.h */,
				A757982113E1AF1A008670B0 /* RightViewController.m */,
			);
			path = ViewControllers;
			sourceTree = "<group>";
		};
		A7B6549D13EA9410009E4414 /* Products */ = {
			isa = PBXGroup;
			children = (
				A7B654A413EA9410009E4414 /* libANAdvancedNavigationController.a */,
			);
			name = Products;
			sourceTree = "<group>";
		};
/* End PBXGroup section */

/* Begin PBXNativeTarget section */
		A75797E513E1AD15008670B0 /* SampleApplication */ = {
			isa = PBXNativeTarget;
			buildConfigurationList = A75797FE13E1AD15008670B0 /* Build configuration list for PBXNativeTarget "SampleApplication" */;
			buildPhases = (
				A75797E213E1AD15008670B0 /* Sources */,
				A75797E313E1AD15008670B0 /* Frameworks */,
				A75797E413E1AD15008670B0 /* Resources */,
			);
			buildRules = (
			);
			dependencies = (
				A7B654A613EA941F009E4414 /* PBXTargetDependency */,
			);
			name = SampleApplication;
			productName = SampleApplication;
			productReference = A75797E613E1AD15008670B0 /* SampleApplication.app */;
			productType = "com.apple.product-type.application";
		};
/* End PBXNativeTarget section */

/* Begin PBXProject section */
		A75797DD13E1AD14008670B0 /* Project object */ = {
			isa = PBXProject;
			attributes = {
				LastUpgradeCheck = 0420;
				ORGANIZATIONNAME = Home;
			};
			buildConfigurationList = A75797E013E1AD14008670B0 /* Build configuration list for PBXProject "SampleApplication" */;
			compatibilityVersion = "Xcode 3.2";
			developmentRegion = English;
			hasScannedForEncodings = 0;
			knownRegions = (
				en,
			);
			mainGroup = A75797DB13E1AD14008670B0;
			productRefGroup = A75797E713E1AD15008670B0 /* Products */;
			projectDirPath = "";
			projectReferences = (
				{
					ProductGroup = A7B6549D13EA9410009E4414 /* Products */;
					ProjectRef = A7B6549C13EA9410009E4414 /* ANAdvancedNavigationController.xcodeproj */;
				},
			);
			projectRoot = "";
			targets = (
				A75797E513E1AD15008670B0 /* SampleApplication */,
			);
		};
/* End PBXProject section */

/* Begin PBXReferenceProxy section */
		A7B654A413EA9410009E4414 /* libANAdvancedNavigationController.a */ = {
			isa = PBXReferenceProxy;
			fileType = archive.ar;
			path = libANAdvancedNavigationController.a;
			remoteRef = A7B654A313EA9410009E4414 /* PBXContainerItemProxy */;
			sourceTree = BUILT_PRODUCTS_DIR;
		};
/* End PBXReferenceProxy section */

/* Begin PBXResourcesBuildPhase section */
		A75797E413E1AD15008670B0 /* Resources */ = {
			isa = PBXResourcesBuildPhase;
			buildActionMask = 2147483647;
			files = (
				A75797F513E1AD15008670B0 /* InfoPlist.strings in Resources */,
			);
			runOnlyForDeploymentPostprocessing = 0;
		};
/* End PBXResourcesBuildPhase section */

/* Begin PBXSourcesBuildPhase section */
		A75797E213E1AD15008670B0 /* Sources */ = {
			isa = PBXSourcesBuildPhase;
			buildActionMask = 2147483647;
			files = (
				A75797F713E1AD15008670B0 /* main.m in Sources */,
				A75797FB13E1AD15008670B0 /* SampleApplicationAppDelegate.m in Sources */,
				A757981F13E1AEE3008670B0 /* LeftViewController.m in Sources */,
				A757982213E1AF1A008670B0 /* RightViewController.m in Sources */,
			);
			runOnlyForDeploymentPostprocessing = 0;
		};
/* End PBXSourcesBuildPhase section */

/* Begin PBXTargetDependency section */
		A7B654A613EA941F009E4414 /* PBXTargetDependency */ = {
			isa = PBXTargetDependency;
			name = ANAdvancedNavigationController;
			targetProxy = A7B654A513EA941F009E4414 /* PBXContainerItemProxy */;
		};
/* End PBXTargetDependency section */

/* Begin PBXVariantGroup section */
		A75797F313E1AD15008670B0 /* InfoPlist.strings */ = {
			isa = PBXVariantGroup;
			children = (
				A75797F413E1AD15008670B0 /* en */,
			);
			name = InfoPlist.strings;
			sourceTree = "<group>";
		};
/* End PBXVariantGroup section */

/* Begin XCBuildConfiguration section */
		A75797FC13E1AD15008670B0 /* Debug */ = {
			isa = XCBuildConfiguration;
			buildSettings = {
				ALWAYS_SEARCH_USER_PATHS = NO;
				ARCHS = "$(ARCHS_STANDARD_32_BIT)";
				CLANG_ENABLE_OBJC_ARC = YES;
				"CODE_SIGN_IDENTITY[sdk=iphoneos*]" = "iPhone Developer";
				COPY_PHASE_STRIP = NO;
				GCC_C_LANGUAGE_STANDARD = gnu99;
				GCC_DYNAMIC_NO_PIC = NO;
				GCC_OPTIMIZATION_LEVEL = 0;
				GCC_PREPROCESSOR_DEFINITIONS = (
					"DEBUG=1",
					"$(inherited)",
				);
				GCC_SYMBOLS_PRIVATE_EXTERN = NO;
				GCC_VERSION = com.apple.compilers.llvm.clang.1_0;
				GCC_WARN_ABOUT_MISSING_PROTOTYPES = YES;
				GCC_WARN_ABOUT_RETURN_TYPE = YES;
				GCC_WARN_UNUSED_VARIABLE = YES;
				HEADER_SEARCH_PATHS = "ANAdvancedNavigationController/**";
				IPHONEOS_DEPLOYMENT_TARGET = 5.0;
				LIBRARY_SEARCH_PATHS = "ANAdvancedNavigationController/**";
				OTHER_LDFLAGS = (
					"-Objc",
					"-all_load",
				);
				SDKROOT = iphoneos;
				TARGETED_DEVICE_FAMILY = 2;
			};
			name = Debug;
		};
		A75797FD13E1AD15008670B0 /* Release */ = {
			isa = XCBuildConfiguration;
			buildSettings = {
				ALWAYS_SEARCH_USER_PATHS = NO;
				ARCHS = "$(ARCHS_STANDARD_32_BIT)";
				CLANG_ENABLE_OBJC_ARC = YES;
				"CODE_SIGN_IDENTITY[sdk=iphoneos*]" = "iPhone Developer";
				COPY_PHASE_STRIP = YES;
				GCC_C_LANGUAGE_STANDARD = gnu99;
				GCC_VERSION = com.apple.compilers.llvm.clang.1_0;
				GCC_WARN_ABOUT_MISSING_PROTOTYPES = YES;
				GCC_WARN_ABOUT_RETURN_TYPE = YES;
				GCC_WARN_UNUSED_VARIABLE = YES;
				HEADER_SEARCH_PATHS = "ANAdvancedNavigationController/**";
				IPHONEOS_DEPLOYMENT_TARGET = 5.0;
				LIBRARY_SEARCH_PATHS = "ANAdvancedNavigationController/**";
				OTHER_CFLAGS = "-DNS_BLOCK_ASSERTIONS=1";
				OTHER_LDFLAGS = (
					"-Objc",
					"-all_load",
				);
				SDKROOT = iphoneos;
				TARGETED_DEVICE_FAMILY = 2;
				VALIDATE_PRODUCT = YES;
			};
			name = Release;
		};
		A75797FF13E1AD15008670B0 /* Debug */ = {
			isa = XCBuildConfiguration;
			buildSettings = {
				GCC_PRECOMPILE_PREFIX_HEADER = YES;
				GCC_PREFIX_HEADER = "SampleApplication/SampleApplication-Prefix.pch";
				INFOPLIST_FILE = "SampleApplication/SampleApplication-Info.plist";
				PRODUCT_NAME = "$(TARGET_NAME)";
				WRAPPER_EXTENSION = app;
			};
			name = Debug;
		};
		A757980013E1AD15008670B0 /* Release */ = {
			isa = XCBuildConfiguration;
			buildSettings = {
				GCC_PRECOMPILE_PREFIX_HEADER = YES;
				GCC_PREFIX_HEADER = "SampleApplication/SampleApplication-Prefix.pch";
				INFOPLIST_FILE = "SampleApplication/SampleApplication-Info.plist";
				PRODUCT_NAME = "$(TARGET_NAME)";
				WRAPPER_EXTENSION = app;
			};
			name = Release;
		};
/* End XCBuildConfiguration section */

/* Begin XCConfigurationList section */
		A75797E013E1AD14008670B0 /* Build configuration list for PBXProject "SampleApplication" */ = {
			isa = XCConfigurationList;
			buildConfigurations = (
				A75797FC13E1AD15008670B0 /* Debug */,
				A75797FD13E1AD15008670B0 /* Release */,
			);
			defaultConfigurationIsVisible = 0;
			defaultConfigurationName = Release;
		};
		A75797FE13E1AD15008670B0 /* Build configuration list for PBXNativeTarget "SampleApplication" */ = {
			isa = XCConfigurationList;
			buildConfigurations = (
				A75797FF13E1AD15008670B0 /* Debug */,
				A757980013E1AD15008670B0 /* Release */,
			);
			defaultConfigurationIsVisible = 0;
			defaultConfigurationName = Release;
		};
/* End XCConfigurationList section */
	};
	rootObject = A75797DD13E1AD14008670B0 /* Project object */;
}
